
Microsoft Visual Studio Solution File, Format Version 12.00
# Visual Studio Version 17
VisualStudioVersion = 17.11.35312.102
MinimumVisualStudioVersion = 10.0.40219.1
Project("{FAE04EC0-301F-11D3-BF4B-00C04F79EFBC}") = "Presentation_ConsoleApp", "Presentation_ConsoleApp\Presentation_ConsoleApp.csproj", "{D33FE287-537B-48DE-B556-E4C3872FF10E}"
EndProject
Project("{FAE04EC0-301F-11D3-BF4B-00C04F79EFBC}") = "Business", "Buisness\Business.csproj", "{870FD7C0-141D-4293-A5F1-AFDB0A940CBE}"
EndProject
Project("{FAE04EC0-301F-11D3-BF4B-00C04F79EFBC}") = "Tests", "Tests\Tests.csproj", "{3DA7A0BD-0C64-49AA-B7D0-2769A72BC954}"
EndProject
Global
	GlobalSection(SolutionConfigurationPlatforms) = preSolution
		Debug|Any CPU = Debug|Any CPU
		Release|Any CPU = Release|Any CPU
	EndGlobalSection
	GlobalSection(ProjectConfigurationPlatforms) = postSolution
		{D33FE287-537B-48DE-B556-E4C3872FF10E}.Debug|Any CPU.ActiveCfg = Debug|Any CPU
		{D33FE287-537B-48DE-B556-E4C3872FF10E}.Debug|Any CPU.Build.0 = Debug|Any CPU
		{D33FE287-537B-48DE-B556-E4C3872FF10E}.Release|Any CPU.ActiveCfg = Release|Any CPU
		{D33FE287-537B-48DE-B556-E4C3872FF10E}.Release|Any CPU.Build.0 = Release|Any CPU
		{870FD7C0-141D-4293-A5F1-AFDB0A940CBE}.Debug|Any CPU.ActiveCfg = Debug|Any CPU
		{870FD7C0-141D-4293-A5F1-AFDB0A940CBE}.Debug|Any CPU.Build.0 = Debug|Any CPU
		{870FD7C0-141D-4293-A5F1-AFDB0A940CBE}.Release|Any CPU.ActiveCfg = Release|Any CPU
		{870FD7C0-141D-4293-A5F1-AFDB0A940CBE}.Release|Any CPU.Build.0 = Release|Any CPU
		{3DA7A0BD-0C64-49AA-B7D0-2769A72BC954}.Debug|Any CPU.ActiveCfg = Debug|Any CPU
		{3DA7A0BD-0C64-49AA-B7D0-2769A72BC954}.Debug|Any CPU.Build.0 = Debug|Any CPU
		{3DA7A0BD-0C64-49AA-B7D0-2769A72BC954}.Release|Any CPU.ActiveCfg = Release|Any CPU
		{3DA7A0BD-0C64-49AA-B7D0-2769A72BC954}.Release|Any CPU.Build.0 = Release|Any CPU
	EndGlobalSection
	GlobalSection(SolutionProperties) = preSolution
		HideSolutionNode = FALSE
	EndGlobalSection
	GlobalSection(ExtensibilityGlobals) = postSolution
		SolutionGuid = {B4FEBD22-4616-4A32-BEA3-D11FAD27386C}
	EndGlobalSection
EndGlobal
